
Microsoft Visual Studio Solution File, Format Version 12.00
# Visual Studio Version 17
VisualStudioVersion = 17.14.36518.9 d17.14
MinimumVisualStudioVersion = 10.0.40219.1
Project("{FAE04EC0-301F-11D3-BF4B-00C04F79EFBC}") = "Arrrrrrrais", "Arrrrrrrais\Arrrrrrrais.csproj", "{8A8E0780-ECD3-428F-AAC6-51776087353F}"
EndProject
Project("{FAE04EC0-301F-11D3-BF4B-00C04F79EFBC}") = "Arrrrais1.1", "Arrrrais1.1\Arrrrais1.1.csproj", "{B2BD5E05-424C-4D63-8BA8-E27CF97D6B8C}"
EndProject
Project("{FAE04EC0-301F-11D3-BF4B-00C04F79EFBC}") = "EjerDeArraisss", "EjerDeArraisss\EjerDeArraisss.csproj", "{8A198F54-292C-42ED-87E5-71CB416AF6AC}"
EndProject
Global
	GlobalSection(SolutionConfigurationPlatforms) = preSolution
		Debug|Any CPU = Debug|Any CPU
		Release|Any CPU = Release|Any CPU
	EndGlobalSection
	GlobalSection(ProjectConfigurationPlatforms) = postSolution
		{8A8E0780-ECD3-428F-AAC6-51776087353F}.Debug|Any CPU.ActiveCfg = Debug|Any CPU
		{8A8E0780-ECD3-428F-AAC6-51776087353F}.Debug|Any CPU.Build.0 = Debug|Any CPU
		{8A8E0780-ECD3-428F-AAC6-51776087353F}.Release|Any CPU.ActiveCfg = Release|Any CPU
		{8A8E0780-ECD3-428F-AAC6-51776087353F}.Release|Any CPU.Build.0 = Release|Any CPU
		{B2BD5E05-424C-4D63-8BA8-E27CF97D6B8C}.Debug|Any CPU.ActiveCfg = Debug|Any CPU
		{B2BD5E05-424C-4D63-8BA8-E27CF97D6B8C}.Debug|Any CPU.Build.0 = Debug|Any CPU
		{B2BD5E05-424C-4D63-8BA8-E27CF97D6B8C}.Release|Any CPU.ActiveCfg = Release|Any CPU
		{B2BD5E05-424C-4D63-8BA8-E27CF97D6B8C}.Release|Any CPU.Build.0 = Release|Any CPU
		{8A198F54-292C-42ED-87E5-71CB416AF6AC}.Debug|Any CPU.ActiveCfg = Debug|Any CPU
		{8A198F54-292C-42ED-87E5-71CB416AF6AC}.Debug|Any CPU.Build.0 = Debug|Any CPU
		{8A198F54-292C-42ED-87E5-71CB416AF6AC}.Release|Any CPU.ActiveCfg = Release|Any CPU
		{8A198F54-292C-42ED-87E5-71CB416AF6AC}.Release|Any CPU.Build.0 = Release|Any CPU
	EndGlobalSection
	GlobalSection(SolutionProperties) = preSolution
		HideSolutionNode = FALSE
	EndGlobalSection
	GlobalSection(ExtensibilityGlobals) = postSolution
		SolutionGuid = {5169BEE5-716B-44EF-8B2C-5DA35E97BE6B}
	EndGlobalSection
EndGlobal
