
Microsoft Visual Studio Solution File, Format Version 12.00
# Visual Studio Version 17
VisualStudioVersion = 17.14.36518.9 d17.14
MinimumVisualStudioVersion = 10.0.40219.1
Project("{FAE04EC0-301F-11D3-BF4B-00C04F79EFBC}") = "Bucle while", "Bucle while\Bucle while.csproj", "{6C9B3E77-C871-4899-9534-C6D1266EA3AA}"
EndProject
Project("{FAE04EC0-301F-11D3-BF4B-00C04F79EFBC}") = "DoWhile", "DoWhile\DoWhile.csproj", "{A5606B91-22EE-4F1A-AA40-9F9E7D2F1B94}"
EndProject
Global
	GlobalSection(SolutionConfigurationPlatforms) = preSolution
		Debug|Any CPU = Debug|Any CPU
		Release|Any CPU = Release|Any CPU
	EndGlobalSection
	GlobalSection(ProjectConfigurationPlatforms) = postSolution
		{6C9B3E77-C871-4899-9534-C6D1266EA3AA}.Debug|Any CPU.ActiveCfg = Debug|Any CPU
		{6C9B3E77-C871-4899-9534-C6D1266EA3AA}.Debug|Any CPU.Build.0 = Debug|Any CPU
		{6C9B3E77-C871-4899-9534-C6D1266EA3AA}.Release|Any CPU.ActiveCfg = Release|Any CPU
		{6C9B3E77-C871-4899-9534-C6D1266EA3AA}.Release|Any CPU.Build.0 = Release|Any CPU
		{A5606B91-22EE-4F1A-AA40-9F9E7D2F1B94}.Debug|Any CPU.ActiveCfg = Debug|Any CPU
		{A5606B91-22EE-4F1A-AA40-9F9E7D2F1B94}.Debug|Any CPU.Build.0 = Debug|Any CPU
		{A5606B91-22EE-4F1A-AA40-9F9E7D2F1B94}.Release|Any CPU.ActiveCfg = Release|Any CPU
		{A5606B91-22EE-4F1A-AA40-9F9E7D2F1B94}.Release|Any CPU.Build.0 = Release|Any CPU
	EndGlobalSection
	GlobalSection(SolutionProperties) = preSolution
		HideSolutionNode = FALSE
	EndGlobalSection
	GlobalSection(ExtensibilityGlobals) = postSolution
		SolutionGuid = {53824344-095F-4291-92B5-174E73F85215}
	EndGlobalSection
EndGlobal
