
Microsoft Visual Studio Solution File, Format Version 12.00
# Visual Studio Version 17
VisualStudioVersion = 17.14.36518.9 d17.14
MinimumVisualStudioVersion = 10.0.40219.1
Project("{FAE04EC0-301F-11D3-BF4B-00C04F79EFBC}") = "Arit1", "Arit1\Arit1.csproj", "{58C38992-8D12-40A5-8F35-7B9C8DEBE928}"
EndProject
Global
	GlobalSection(SolutionConfigurationPlatforms) = preSolution
		Debug|Any CPU = Debug|Any CPU
		Release|Any CPU = Release|Any CPU
	EndGlobalSection
	GlobalSection(ProjectConfigurationPlatforms) = postSolution
		{58C38992-8D12-40A5-8F35-7B9C8DEBE928}.Debug|Any CPU.ActiveCfg = Debug|Any CPU
		{58C38992-8D12-40A5-8F35-7B9C8DEBE928}.Debug|Any CPU.Build.0 = Debug|Any CPU
		{58C38992-8D12-40A5-8F35-7B9C8DEBE928}.Release|Any CPU.ActiveCfg = Release|Any CPU
		{58C38992-8D12-40A5-8F35-7B9C8DEBE928}.Release|Any CPU.Build.0 = Release|Any CPU
	EndGlobalSection
	GlobalSection(SolutionProperties) = preSolution
		HideSolutionNode = FALSE
	EndGlobalSection
	GlobalSection(ExtensibilityGlobals) = postSolution
		SolutionGuid = {3298187A-A378-4E0B-8A97-D89C757EC330}
	EndGlobalSection
EndGlobal
