
Microsoft Visual Studio Solution File, Format Version 12.00
# Visual Studio Version 17
VisualStudioVersion = 17.14.36518.9 d17.14
MinimumVisualStudioVersion = 10.0.40219.1
Project("{FAE04EC0-301F-11D3-BF4B-00C04F79EFBC}") = "13-ProyectO", "13-ProyectO\13-ProyectO.csproj", "{D2485297-3F18-4333-AFAF-07BF08EE2879}"
EndProject
Global
	GlobalSection(SolutionConfigurationPlatforms) = preSolution
		Debug|Any CPU = Debug|Any CPU
		Release|Any CPU = Release|Any CPU
	EndGlobalSection
	GlobalSection(ProjectConfigurationPlatforms) = postSolution
		{D2485297-3F18-4333-AFAF-07BF08EE2879}.Debug|Any CPU.ActiveCfg = Debug|Any CPU
		{D2485297-3F18-4333-AFAF-07BF08EE2879}.Debug|Any CPU.Build.0 = Debug|Any CPU
		{D2485297-3F18-4333-AFAF-07BF08EE2879}.Release|Any CPU.ActiveCfg = Release|Any CPU
		{D2485297-3F18-4333-AFAF-07BF08EE2879}.Release|Any CPU.Build.0 = Release|Any CPU
	EndGlobalSection
	GlobalSection(SolutionProperties) = preSolution
		HideSolutionNode = FALSE
	EndGlobalSection
	GlobalSection(ExtensibilityGlobals) = postSolution
		SolutionGuid = {4017E929-16C4-4A99-9EE7-B25F02A3AB46}
	EndGlobalSection
EndGlobal
