
Microsoft Visual Studio Solution File, Format Version 12.00
# Visual Studio Version 17
VisualStudioVersion = 17.14.36518.9 d17.14
MinimumVisualStudioVersion = 10.0.40219.1
Project("{FAE04EC0-301F-11D3-BF4B-00C04F79EFBC}") = "13-Arrays ejers", "13-Arrays ejers\13-Arrays ejers.csproj", "{3C8E6BFE-9530-490D-9A97-FBB2005D1C81}"
EndProject
Project("{FAE04EC0-301F-11D3-BF4B-00C04F79EFBC}") = "13-Arrays-ejers2", "13-Arrays-ejers2\13-Arrays-ejers2.csproj", "{06862ADA-340F-49CD-835C-B4A0B23D0253}"
EndProject
Project("{FAE04EC0-301F-11D3-BF4B-00C04F79EFBC}") = "13-Arrays-ejer3", "13-Arrays-ejer3\13-Arrays-ejer3.csproj", "{514FE1EE-A2CC-4124-BD89-693BB46AF6E4}"
EndProject
Global
	GlobalSection(SolutionConfigurationPlatforms) = preSolution
		Debug|Any CPU = Debug|Any CPU
		Release|Any CPU = Release|Any CPU
	EndGlobalSection
	GlobalSection(ProjectConfigurationPlatforms) = postSolution
		{3C8E6BFE-9530-490D-9A97-FBB2005D1C81}.Debug|Any CPU.ActiveCfg = Debug|Any CPU
		{3C8E6BFE-9530-490D-9A97-FBB2005D1C81}.Debug|Any CPU.Build.0 = Debug|Any CPU
		{3C8E6BFE-9530-490D-9A97-FBB2005D1C81}.Release|Any CPU.ActiveCfg = Release|Any CPU
		{3C8E6BFE-9530-490D-9A97-FBB2005D1C81}.Release|Any CPU.Build.0 = Release|Any CPU
		{06862ADA-340F-49CD-835C-B4A0B23D0253}.Debug|Any CPU.ActiveCfg = Debug|Any CPU
		{06862ADA-340F-49CD-835C-B4A0B23D0253}.Debug|Any CPU.Build.0 = Debug|Any CPU
		{06862ADA-340F-49CD-835C-B4A0B23D0253}.Release|Any CPU.ActiveCfg = Release|Any CPU
		{06862ADA-340F-49CD-835C-B4A0B23D0253}.Release|Any CPU.Build.0 = Release|Any CPU
		{514FE1EE-A2CC-4124-BD89-693BB46AF6E4}.Debug|Any CPU.ActiveCfg = Debug|Any CPU
		{514FE1EE-A2CC-4124-BD89-693BB46AF6E4}.Debug|Any CPU.Build.0 = Debug|Any CPU
		{514FE1EE-A2CC-4124-BD89-693BB46AF6E4}.Release|Any CPU.ActiveCfg = Release|Any CPU
		{514FE1EE-A2CC-4124-BD89-693BB46AF6E4}.Release|Any CPU.Build.0 = Release|Any CPU
	EndGlobalSection
	GlobalSection(SolutionProperties) = preSolution
		HideSolutionNode = FALSE
	EndGlobalSection
	GlobalSection(ExtensibilityGlobals) = postSolution
		SolutionGuid = {EFB96CEA-C472-43EC-B15C-8AD195BE71AA}
	EndGlobalSection
EndGlobal
