
Microsoft Visual Studio Solution File, Format Version 12.00
# Visual Studio Version 17
VisualStudioVersion = 17.14.36518.9 d17.14
MinimumVisualStudioVersion = 10.0.40219.1
Project("{FAE04EC0-301F-11D3-BF4B-00C04F79EFBC}") = "13-POO", "13-POO\13-POO.csproj", "{E4B5275E-7A31-4B65-B994-1F299EED82AA}"
EndProject
Global
	GlobalSection(SolutionConfigurationPlatforms) = preSolution
		Debug|Any CPU = Debug|Any CPU
		Release|Any CPU = Release|Any CPU
	EndGlobalSection
	GlobalSection(ProjectConfigurationPlatforms) = postSolution
		{E4B5275E-7A31-4B65-B994-1F299EED82AA}.Debug|Any CPU.ActiveCfg = Debug|Any CPU
		{E4B5275E-7A31-4B65-B994-1F299EED82AA}.Debug|Any CPU.Build.0 = Debug|Any CPU
		{E4B5275E-7A31-4B65-B994-1F299EED82AA}.Release|Any CPU.ActiveCfg = Release|Any CPU
		{E4B5275E-7A31-4B65-B994-1F299EED82AA}.Release|Any CPU.Build.0 = Release|Any CPU
	EndGlobalSection
	GlobalSection(SolutionProperties) = preSolution
		HideSolutionNode = FALSE
	EndGlobalSection
	GlobalSection(ExtensibilityGlobals) = postSolution
		SolutionGuid = {B621B70A-9314-4C29-B298-D6E4F1A3A7F7}
	EndGlobalSection
EndGlobal
