
Microsoft Visual Studio Solution File, Format Version 12.00
# Visual Studio Version 17
VisualStudioVersion = 17.14.36518.9 d17.14
MinimumVisualStudioVersion = 10.0.40219.1
Project("{FAE04EC0-301F-11D3-BF4B-00C04F79EFBC}") = "17-12-Herenecias", "17-12-Herenecias\17-12-Herenecias.csproj", "{36445079-9311-46AC-8F3E-BB03E16BBAC3}"
EndProject
Project("{FAE04EC0-301F-11D3-BF4B-00C04F79EFBC}") = "Polimorfismo", "Polimorfismo\Polimorfismo.csproj", "{BA90332B-2697-4A4B-A24C-F23FDCBEC3F8}"
EndProject
Global
	GlobalSection(SolutionConfigurationPlatforms) = preSolution
		Debug|Any CPU = Debug|Any CPU
		Release|Any CPU = Release|Any CPU
	EndGlobalSection
	GlobalSection(ProjectConfigurationPlatforms) = postSolution
		{36445079-9311-46AC-8F3E-BB03E16BBAC3}.Debug|Any CPU.ActiveCfg = Debug|Any CPU
		{36445079-9311-46AC-8F3E-BB03E16BBAC3}.Debug|Any CPU.Build.0 = Debug|Any CPU
		{36445079-9311-46AC-8F3E-BB03E16BBAC3}.Release|Any CPU.ActiveCfg = Release|Any CPU
		{36445079-9311-46AC-8F3E-BB03E16BBAC3}.Release|Any CPU.Build.0 = Release|Any CPU
		{BA90332B-2697-4A4B-A24C-F23FDCBEC3F8}.Debug|Any CPU.ActiveCfg = Debug|Any CPU
		{BA90332B-2697-4A4B-A24C-F23FDCBEC3F8}.Debug|Any CPU.Build.0 = Debug|Any CPU
		{BA90332B-2697-4A4B-A24C-F23FDCBEC3F8}.Release|Any CPU.ActiveCfg = Release|Any CPU
		{BA90332B-2697-4A4B-A24C-F23FDCBEC3F8}.Release|Any CPU.Build.0 = Release|Any CPU
	EndGlobalSection
	GlobalSection(SolutionProperties) = preSolution
		HideSolutionNode = FALSE
	EndGlobalSection
	GlobalSection(ExtensibilityGlobals) = postSolution
		SolutionGuid = {BCC33B77-32F9-4608-A051-0C2662C79508}
	EndGlobalSection
EndGlobal
