
Microsoft Visual Studio Solution File, Format Version 12.00
# Visual Studio Version 17
VisualStudioVersion = 17.14.36518.9 d17.14
MinimumVisualStudioVersion = 10.0.40219.1
Project("{FAE04EC0-301F-11D3-BF4B-00C04F79EFBC}") = "AmbitoVariables", "AmbitoVariables\AmbitoVariables.csproj", "{F3374B0C-F152-4E74-8849-BC48192DF2C6}"
EndProject
Project("{FAE04EC0-301F-11D3-BF4B-00C04F79EFBC}") = "SobrecargaDeMetodos", "SobrecargaDeMetodos\SobrecargaDeMetodos.csproj", "{41404CA4-B4CF-4692-B528-76020F02989A}"
EndProject
Global
	GlobalSection(SolutionConfigurationPlatforms) = preSolution
		Debug|Any CPU = Debug|Any CPU
		Release|Any CPU = Release|Any CPU
	EndGlobalSection
	GlobalSection(ProjectConfigurationPlatforms) = postSolution
		{F3374B0C-F152-4E74-8849-BC48192DF2C6}.Debug|Any CPU.ActiveCfg = Debug|Any CPU
		{F3374B0C-F152-4E74-8849-BC48192DF2C6}.Debug|Any CPU.Build.0 = Debug|Any CPU
		{F3374B0C-F152-4E74-8849-BC48192DF2C6}.Release|Any CPU.ActiveCfg = Release|Any CPU
		{F3374B0C-F152-4E74-8849-BC48192DF2C6}.Release|Any CPU.Build.0 = Release|Any CPU
		{41404CA4-B4CF-4692-B528-76020F02989A}.Debug|Any CPU.ActiveCfg = Debug|Any CPU
		{41404CA4-B4CF-4692-B528-76020F02989A}.Debug|Any CPU.Build.0 = Debug|Any CPU
		{41404CA4-B4CF-4692-B528-76020F02989A}.Release|Any CPU.ActiveCfg = Release|Any CPU
		{41404CA4-B4CF-4692-B528-76020F02989A}.Release|Any CPU.Build.0 = Release|Any CPU
	EndGlobalSection
	GlobalSection(SolutionProperties) = preSolution
		HideSolutionNode = FALSE
	EndGlobalSection
	GlobalSection(ExtensibilityGlobals) = postSolution
		SolutionGuid = {01DA5979-6452-4C3D-8C76-4CD7B573EE23}
	EndGlobalSection
EndGlobal
