
Microsoft Visual Studio Solution File, Format Version 12.00
# Visual Studio Version 17
VisualStudioVersion = 17.14.36616.10 d17.14
MinimumVisualStudioVersion = 10.0.40219.1
Project("{FAE04EC0-301F-11D3-BF4B-00C04F79EFBC}") = "POO1-27-10", "POO1-27-10\POO1-27-10.csproj", "{A6861273-9F1F-4905-997E-EB84BC8AE65F}"
EndProject
Global
	GlobalSection(SolutionConfigurationPlatforms) = preSolution
		Debug|Any CPU = Debug|Any CPU
		Release|Any CPU = Release|Any CPU
	EndGlobalSection
	GlobalSection(ProjectConfigurationPlatforms) = postSolution
		{A6861273-9F1F-4905-997E-EB84BC8AE65F}.Debug|Any CPU.ActiveCfg = Debug|Any CPU
		{A6861273-9F1F-4905-997E-EB84BC8AE65F}.Debug|Any CPU.Build.0 = Debug|Any CPU
		{A6861273-9F1F-4905-997E-EB84BC8AE65F}.Release|Any CPU.ActiveCfg = Release|Any CPU
		{A6861273-9F1F-4905-997E-EB84BC8AE65F}.Release|Any CPU.Build.0 = Release|Any CPU
	EndGlobalSection
	GlobalSection(SolutionProperties) = preSolution
		HideSolutionNode = FALSE
	EndGlobalSection
	GlobalSection(ExtensibilityGlobals) = postSolution
		SolutionGuid = {D0891B9A-6808-4954-8CCB-5F810B698CEA}
	EndGlobalSection
EndGlobal
