
Microsoft Visual Studio Solution File, Format Version 12.00
# Visual Studio Version 17
VisualStudioVersion = 17.14.36518.9 d17.14
MinimumVisualStudioVersion = 10.0.40219.1
Project("{FAE04EC0-301F-11D3-BF4B-00C04F79EFBC}") = "IntParse", "IntParse\IntParse.csproj", "{90FF829E-7117-4CE0-9B6B-64BC5FFB1FDA}"
EndProject
Global
	GlobalSection(SolutionConfigurationPlatforms) = preSolution
		Debug|Any CPU = Debug|Any CPU
		Release|Any CPU = Release|Any CPU
	EndGlobalSection
	GlobalSection(ProjectConfigurationPlatforms) = postSolution
		{90FF829E-7117-4CE0-9B6B-64BC5FFB1FDA}.Debug|Any CPU.ActiveCfg = Debug|Any CPU
		{90FF829E-7117-4CE0-9B6B-64BC5FFB1FDA}.Debug|Any CPU.Build.0 = Debug|Any CPU
		{90FF829E-7117-4CE0-9B6B-64BC5FFB1FDA}.Release|Any CPU.ActiveCfg = Release|Any CPU
		{90FF829E-7117-4CE0-9B6B-64BC5FFB1FDA}.Release|Any CPU.Build.0 = Release|Any CPU
	EndGlobalSection
	GlobalSection(SolutionProperties) = preSolution
		HideSolutionNode = FALSE
	EndGlobalSection
	GlobalSection(ExtensibilityGlobals) = postSolution
		SolutionGuid = {35FB138F-C49D-4E11-9CCC-E9369E74C98F}
	EndGlobalSection
EndGlobal
