
Microsoft Visual Studio Solution File, Format Version 12.00
# Visual Studio Version 17
VisualStudioVersion = 17.14.36518.9 d17.14
MinimumVisualStudioVersion = 10.0.40219.1
Project("{FAE04EC0-301F-11D3-BF4B-00C04F79EFBC}") = "29-EjersClases", "29-EjersClases\29-EjersClases.csproj", "{028DD60F-2A94-44F3-BE43-C5B1EC580D7D}"
EndProject
Global
	GlobalSection(SolutionConfigurationPlatforms) = preSolution
		Debug|Any CPU = Debug|Any CPU
		Release|Any CPU = Release|Any CPU
	EndGlobalSection
	GlobalSection(ProjectConfigurationPlatforms) = postSolution
		{028DD60F-2A94-44F3-BE43-C5B1EC580D7D}.Debug|Any CPU.ActiveCfg = Debug|Any CPU
		{028DD60F-2A94-44F3-BE43-C5B1EC580D7D}.Debug|Any CPU.Build.0 = Debug|Any CPU
		{028DD60F-2A94-44F3-BE43-C5B1EC580D7D}.Release|Any CPU.ActiveCfg = Release|Any CPU
		{028DD60F-2A94-44F3-BE43-C5B1EC580D7D}.Release|Any CPU.Build.0 = Release|Any CPU
	EndGlobalSection
	GlobalSection(SolutionProperties) = preSolution
		HideSolutionNode = FALSE
	EndGlobalSection
	GlobalSection(ExtensibilityGlobals) = postSolution
		SolutionGuid = {369657F3-70C7-48F0-845A-D0E6D6E1029D}
	EndGlobalSection
EndGlobal
